// !$*UTF8*$!
{
	archiveVersion = 1;
	classes = {
	};
	objectVersion = 77;
	objects = {

/* Begin PBXContainerItemProxy section */
		F0582BD12D54F2720062B031 /* PBXContainerItemProxy */ = {
			isa = PBXContainerItemProxy;
			containerPortal = F0582BB82D54F26E0062B031 /* Project object */;
			proxyType = 1;
			remoteGlobalIDString = F0582BBF2D54F26E0062B031;
			remoteInfo = MobileChallengeUala;
		};
		F0582BDB2D54F2720062B031 /* PBXContainerItemProxy */ = {
			isa = PBXContainerItemProxy;
			containerPortal = F0582BB82D54F26E0062B031 /* Project object */;
			proxyType = 1;
			remoteGlobalIDString = F0582BBF2D54F26E0062B031;
			remoteInfo = MobileChallengeUala;
		};
/* End PBXContainerItemProxy section */

/* Begin PBXFileReference section */
		F0582BC02D54F26E0062B031 /* MobileChallengeUala.app */ = {isa = PBXFileReference; explicitFileType = wrapper.application; includeInIndex = 0; path = MobileChallengeUala.app; sourceTree = BUILT_PRODUCTS_DIR; };
		F0582BD02D54F2720062B031 /* MobileChallengeUalaTests.xctest */ = {isa = PBXFileReference; explicitFileType = wrapper.cfbundle; includeInIndex = 0; path = MobileChallengeUalaTests.xctest; sourceTree = BUILT_PRODUCTS_DIR; };
		F0582BDA2D54F2720062B031 /* MobileChallengeUalaUITests.xctest */ = {isa = PBXFileReference; explicitFileType = wrapper.cfbundle; includeInIndex = 0; path = MobileChallengeUalaUITests.xctest; sourceTree = BUILT_PRODUCTS_DIR; };
/* End PBXFileReference section */

/* Begin PBXFileSystemSynchronizedRootGroup section */
		F0582BC22D54F26E0062B031 /* MobileChallengeUala */ = {
			isa = PBXFileSystemSynchronizedRootGroup;
			path = MobileChallengeUala;
			sourceTree = "<group>";
		};
		F0582BD32D54F2720062B031 /* MobileChallengeUalaTests */ = {
			isa = PBXFileSystemSynchronizedRootGroup;
			path = MobileChallengeUalaTests;
			sourceTree = "<group>";
		};
		F0582BDD2D54F2720062B031 /* MobileChallengeUalaUITests */ = {
			isa = PBXFileSystemSynchronizedRootGroup;
			path = MobileChallengeUalaUITests;
			sourceTree = "<group>";
		};
/* End PBXFileSystemSynchronizedRootGroup section */

/* Begin PBXFrameworksBuildPhase section */
		F0582BBD2D54F26E0062B031 /* Frameworks */ = {
			isa = PBXFrameworksBuildPhase;
			buildActionMask = 2147483647;
			files = (
			);
			runOnlyForDeploymentPostprocessing = 0;
		};
		F0582BCD2D54F2720062B031 /* Frameworks */ = {
			isa = PBXFrameworksBuildPhase;
			buildActionMask = 2147483647;
			files = (
			);
			runOnlyForDeploymentPostprocessing = 0;
		};
		F0582BD72D54F2720062B031 /* Frameworks */ = {
			isa = PBXFrameworksBuildPhase;
			buildActionMask = 2147483647;
			files = (
			);
			runOnlyForDeploymentPostprocessing = 0;
		};
/* End PBXFrameworksBuildPhase section */

/* Begin PBXGroup section */
		F0582BB72D54F26E0062B031 = {
			isa = PBXGroup;
			children = (
				F0582BC22D54F26E0062B031 /* MobileChallengeUala */,
				F0582BD32D54F2720062B031 /* MobileChallengeUalaTests */,
				F0582BDD2D54F2720062B031 /* MobileChallengeUalaUITests */,
				F0582BC12D54F26E0062B031 /* Products */,
			);
			sourceTree = "<group>";
		};
		F0582BC12D54F26E0062B031 /* Products */ = {
			isa = PBXGroup;
			children = (
				F0582BC02D54F26E0062B031 /* MobileChallengeUala.app */,
				F0582BD02D54F2720062B031 /* MobileChallengeUalaTests.xctest */,
				F0582BDA2D54F2720062B031 /* MobileChallengeUalaUITests.xctest */,
			);
			name = Products;
			sourceTree = "<group>";
		};
/* End PBXGroup section */

/* Begin PBXNativeTarget section */
		F0582BBF2D54F26E0062B031 /* MobileChallengeUala */ = {
			isa = PBXNativeTarget;
			buildConfigurationList = F0582BE42D54F2720062B031 /* Build configuration list for PBXNativeTarget "MobileChallengeUala" */;
			buildPhases = (
				F0582BBC2D54F26E0062B031 /* Sources */,
				F0582BBD2D54F26E0062B031 /* Frameworks */,
				F0582BBE2D54F26E0062B031 /* Resources */,
			);
			buildRules = (
			);
			dependencies = (
			);
			fileSystemSynchronizedGroups = (
				F0582BC22D54F26E0062B031 /* MobileChallengeUala */,
			);
			name = MobileChallengeUala;
			packageProductDependencies = (
			);
			productName = MobileChallengeUala;
			productReference = F0582BC02D54F26E0062B031 /* MobileChallengeUala.app */;
			productType = "com.apple.product-type.application";
		};
		F0582BCF2D54F2720062B031 /* MobileChallengeUalaTests */ = {
			isa = PBXNativeTarget;
			buildConfigurationList = F0582BE72D54F2720062B031 /* Build configuration list for PBXNativeTarget "MobileChallengeUalaTests" */;
			buildPhases = (
				F0582BCC2D54F2720062B031 /* Sources */,
				F0582BCD2D54F2720062B031 /* Frameworks */,
				F0582BCE2D54F2720062B031 /* Resources */,
			);
			buildRules = (
			);
			dependencies = (
				F0582BD22D54F2720062B031 /* PBXTargetDependency */,
			);
			fileSystemSynchronizedGroups = (
				F0582BD32D54F2720062B031 /* MobileChallengeUalaTests */,
			);
			name = MobileChallengeUalaTests;
			packageProductDependencies = (
			);
			productName = MobileChallengeUalaTests;
			productReference = F0582BD02D54F2720062B031 /* MobileChallengeUalaTests.xctest */;
			productType = "com.apple.product-type.bundle.unit-test";
		};
		F0582BD92D54F2720062B031 /* MobileChallengeUalaUITests */ = {
			isa = PBXNativeTarget;
			buildConfigurationList = F0582BEA2D54F2720062B031 /* Build configuration list for PBXNativeTarget "MobileChallengeUalaUITests" */;
			buildPhases = (
				F0582BD62D54F2720062B031 /* Sources */,
				F0582BD72D54F2720062B031 /* Frameworks */,
				F0582BD82D54F2720062B031 /* Resources */,
			);
			buildRules = (
			);
			dependencies = (
				F0582BDC2D54F2720062B031 /* PBXTargetDependency */,
			);
			fileSystemSynchronizedGroups = (
				F0582BDD2D54F2720062B031 /* MobileChallengeUalaUITests */,
			);
			name = MobileChallengeUalaUITests;
			packageProductDependencies = (
			);
			productName = MobileChallengeUalaUITests;
			productReference = F0582BDA2D54F2720062B031 /* MobileChallengeUalaUITests.xctest */;
			productType = "com.apple.product-type.bundle.ui-testing";
		};
/* End PBXNativeTarget section */

/* Begin PBXProject section */
		F0582BB82D54F26E0062B031 /* Project object */ = {
			isa = PBXProject;
			attributes = {
				BuildIndependentTargetsInParallel = 1;
				LastSwiftUpdateCheck = 1620;
				LastUpgradeCheck = 1620;
				TargetAttributes = {
					F0582BBF2D54F26E0062B031 = {
						CreatedOnToolsVersion = 16.2;
					};
					F0582BCF2D54F2720062B031 = {
						CreatedOnToolsVersion = 16.2;
						TestTargetID = F0582BBF2D54F26E0062B031;
					};
					F0582BD92D54F2720062B031 = {
						CreatedOnToolsVersion = 16.2;
						TestTargetID = F0582BBF2D54F26E0062B031;
					};
				};
			};
			buildConfigurationList = F0582BBB2D54F26E0062B031 /* Build configuration list for PBXProject "MobileChallengeUala" */;
			developmentRegion = en;
			hasScannedForEncodings = 0;
			knownRegions = (
				en,
				Base,
			);
			mainGroup = F0582BB72D54F26E0062B031;
			minimizedProjectReferenceProxies = 1;
			preferredProjectObjectVersion = 77;
			productRefGroup = F0582BC12D54F26E0062B031 /* Products */;
			projectDirPath = "";
			projectRoot = "";
			targets = (
				F0582BBF2D54F26E0062B031 /* MobileChallengeUala */,
				F0582BCF2D54F2720062B031 /* MobileChallengeUalaTests */,
				F0582BD92D54F2720062B031 /* MobileChallengeUalaUITests */,
			);
		};
/* End PBXProject section */

/* Begin PBXResourcesBuildPhase section */
		F0582BBE2D54F26E0062B031 /* Resources */ = {
			isa = PBXResourcesBuildPhase;
			buildActionMask = 2147483647;
			files = (
			);
			runOnlyForDeploymentPostprocessing = 0;
		};
		F0582BCE2D54F2720062B031 /* Resources */ = {
			isa = PBXResourcesBuildPhase;
			buildActionMask = 2147483647;
			files = (
			);
			runOnlyForDeploymentPostprocessing = 0;
		};
		F0582BD82D54F2720062B031 /* Resources */ = {
			isa = PBXResourcesBuildPhase;
			buildActionMask = 2147483647;
			files = (
			);
			runOnlyForDeploymentPostprocessing = 0;
		};
/* End PBXResourcesBuildPhase section */

/* Begin PBXSourcesBuildPhase section */
		F0582BBC2D54F26E0062B031 /* Sources */ = {
			isa = PBXSourcesBuildPhase;
			buildActionMask = 2147483647;
			files = (
			);
			runOnlyForDeploymentPostprocessing = 0;
		};
		F0582BCC2D54F2720062B031 /* Sources */ = {
			isa = PBXSourcesBuildPhase;
			buildActionMask = 2147483647;
			files = (
			);
			runOnlyForDeploymentPostprocessing = 0;
		};
		F0582BD62D54F2720062B031 /* Sources */ = {
			isa = PBXSourcesBuildPhase;
			buildActionMask = 2147483647;
			files = (
			);
			runOnlyForDeploymentPostprocessing = 0;
		};
/* End PBXSourcesBuildPhase section */

/* Begin PBXTargetDependency section */
		F0582BD22D54F2720062B031 /* PBXTargetDependency */ = {
			isa = PBXTargetDependency;
			target = F0582BBF2D54F26E0062B031 /* MobileChallengeUala */;
			targetProxy = F0582BD12D54F2720062B031 /* PBXContainerItemProxy */;
		};
		F0582BDC2D54F2720062B031 /* PBXTargetDependency */ = {
			isa = PBXTargetDependency;
			target = F0582BBF2D54F26E0062B031 /* MobileChallengeUala */;
			targetProxy = F0582BDB2D54F2720062B031 /* PBXContainerItemProxy */;
		};
/* End PBXTargetDependency section */

/* Begin XCBuildConfiguration section */
		F0582BE22D54F2720062B031 /* Debug */ = {
			isa = XCBuildConfiguration;
			buildSettings = {
				ALWAYS_SEARCH_USER_PATHS = NO;
				ASSETCATALOG_COMPILER_GENERATE_SWIFT_ASSET_SYMBOL_EXTENSIONS = YES;
				CLANG_ANALYZER_NONNULL = YES;
				CLANG_ANALYZER_NUMBER_OBJECT_CONVERSION = YES_AGGRESSIVE;
				CLANG_CXX_LANGUAGE_STANDARD = "gnu++20";
				CLANG_ENABLE_MODULES = YES;
				CLANG_ENABLE_OBJC_ARC = YES;
				CLANG_ENABLE_OBJC_WEAK = YES;
				CLANG_WARN_BLOCK_CAPTURE_AUTORELEASING = YES;
				CLANG_WARN_BOOL_CONVERSION = YES;
				CLANG_WARN_COMMA = YES;
				CLANG_WARN_CONSTANT_CONVERSION = YES;
				CLANG_WARN_DEPRECATED_OBJC_IMPLEMENTATIONS = YES;
				CLANG_WARN_DIRECT_OBJC_ISA_USAGE = YES_ERROR;
				CLANG_WARN_DOCUMENTATION_COMMENTS = YES;
				CLANG_WARN_EMPTY_BODY = YES;
				CLANG_WARN_ENUM_CONVERSION = YES;
				CLANG_WARN_INFINITE_RECURSION = YES;
				CLANG_WARN_INT_CONVERSION = YES;
				CLANG_WARN_NON_LITERAL_NULL_CONVERSION = YES;
				CLANG_WARN_OBJC_IMPLICIT_RETAIN_SELF = YES;
				CLANG_WARN_OBJC_LITERAL_CONVERSION = YES;
				CLANG_WARN_OBJC_ROOT_CLASS = YES_ERROR;
				CLANG_WARN_QUOTED_INCLUDE_IN_FRAMEWORK_HEADER = YES;
				CLANG_WARN_RANGE_LOOP_ANALYSIS = YES;
				CLANG_WARN_STRICT_PROTOTYPES = YES;
				CLANG_WARN_SUSPICIOUS_MOVE = YES;
				CLANG_WARN_UNGUARDED_AVAILABILITY = YES_AGGRESSIVE;
				CLANG_WARN_UNREACHABLE_CODE = YES;
				CLANG_WARN__DUPLICATE_METHOD_MATCH = YES;
				COPY_PHASE_STRIP = NO;
				DEBUG_INFORMATION_FORMAT = dwarf;
				ENABLE_STRICT_OBJC_MSGSEND = YES;
				ENABLE_TESTABILITY = YES;
				ENABLE_USER_SCRIPT_SANDBOXING = YES;
				GCC_C_LANGUAGE_STANDARD = gnu17;
				GCC_DYNAMIC_NO_PIC = NO;
				GCC_NO_COMMON_BLOCKS = YES;
				GCC_OPTIMIZATION_LEVEL = 0;
				GCC_PREPROCESSOR_DEFINITIONS = (
					"DEBUG=1",
					"$(inherited)",
				);
				GCC_WARN_64_TO_32_BIT_CONVERSION = YES;
				GCC_WARN_ABOUT_RETURN_TYPE = YES_ERROR;
				GCC_WARN_UNDECLARED_SELECTOR = YES;
				GCC_WARN_UNINITIALIZED_AUTOS = YES_AGGRESSIVE;
				GCC_WARN_UNUSED_FUNCTION = YES;
				GCC_WARN_UNUSED_VARIABLE = YES;
				IPHONEOS_DEPLOYMENT_TARGET = 18.2;
				LOCALIZATION_PREFERS_STRING_CATALOGS = YES;
				MTL_ENABLE_DEBUG_INFO = INCLUDE_SOURCE;
				MTL_FAST_MATH = YES;
				ONLY_ACTIVE_ARCH = YES;
				SDKROOT = iphoneos;
				SWIFT_ACTIVE_COMPILATION_CONDITIONS = "DEBUG $(inherited)";
				SWIFT_OPTIMIZATION_LEVEL = "-Onone";
			};
			name = Debug;
		};
		F0582BE32D54F2720062B031 /* Release */ = {
			isa = XCBuildConfiguration;
			buildSettings = {
				ALWAYS_SEARCH_USER_PATHS = NO;
				ASSETCATALOG_COMPILER_GENERATE_SWIFT_ASSET_SYMBOL_EXTENSIONS = YES;
				CLANG_ANALYZER_NONNULL = YES;
				CLANG_ANALYZER_NUMBER_OBJECT_CONVERSION = YES_AGGRESSIVE;
				CLANG_CXX_LANGUAGE_STANDARD = "gnu++20";
				CLANG_ENABLE_MODULES = YES;
				CLANG_ENABLE_OBJC_ARC = YES;
				CLANG_ENABLE_OBJC_WEAK = YES;
				CLANG_WARN_BLOCK_CAPTURE_AUTORELEASING = YES;
				CLANG_WARN_BOOL_CONVERSION = YES;
				CLANG_WARN_COMMA = YES;
				CLANG_WARN_CONSTANT_CONVERSION = YES;
				CLANG_WARN_DEPRECATED_OBJC_IMPLEMENTATIONS = YES;
				CLANG_WARN_DIRECT_OBJC_ISA_USAGE = YES_ERROR;
				CLANG_WARN_DOCUMENTATION_COMMENTS = YES;
				CLANG_WARN_EMPTY_BODY = YES;
				CLANG_WARN_ENUM_CONVERSION = YES;
				CLANG_WARN_INFINITE_RECURSION = YES;
				CLANG_WARN_INT_CONVERSION = YES;
				CLANG_WARN_NON_LITERAL_NULL_CONVERSION = YES;
				CLANG_WARN_OBJC_IMPLICIT_RETAIN_SELF = YES;
				CLANG_WARN_OBJC_LITERAL_CONVERSION = YES;
				CLANG_WARN_OBJC_ROOT_CLASS = YES_ERROR;
				CLANG_WARN_QUOTED_INCLUDE_IN_FRAMEWORK_HEADER = YES;
				CLANG_WARN_RANGE_LOOP_ANALYSIS = YES;
				CLANG_WARN_STRICT_PROTOTYPES = YES;
				CLANG_WARN_SUSPICIOUS_MOVE = YES;
				CLANG_WARN_UNGUARDED_AVAILABILITY = YES_AGGRESSIVE;
				CLANG_WARN_UNREACHABLE_CODE = YES;
				CLANG_WARN__DUPLICATE_METHOD_MATCH = YES;
				COPY_PHASE_STRIP = NO;
				DEBUG_INFORMATION_FORMAT = "dwarf-with-dsym";
				ENABLE_NS_ASSERTIONS = NO;
				ENABLE_STRICT_OBJC_MSGSEND = YES;
				ENABLE_USER_SCRIPT_SANDBOXING = YES;
				GCC_C_LANGUAGE_STANDARD = gnu17;
				GCC_NO_COMMON_BLOCKS = YES;
				GCC_WARN_64_TO_32_BIT_CONVERSION = YES;
				GCC_WARN_ABOUT_RETURN_TYPE = YES_ERROR;
				GCC_WARN_UNDECLARED_SELECTOR = YES;
				GCC_WARN_UNINITIALIZED_AUTOS = YES_AGGRESSIVE;
				GCC_WARN_UNUSED_FUNCTION = YES;
				GCC_WARN_UNUSED_VARIABLE = YES;
				IPHONEOS_DEPLOYMENT_TARGET = 18.2;
				LOCALIZATION_PREFERS_STRING_CATALOGS = YES;
				MTL_ENABLE_DEBUG_INFO = NO;
				MTL_FAST_MATH = YES;
				SDKROOT = iphoneos;
				SWIFT_COMPILATION_MODE = wholemodule;
				VALIDATE_PRODUCT = YES;
			};
			name = Release;
		};
		F0582BE52D54F2720062B031 /* Debug */ = {
			isa = XCBuildConfiguration;
			buildSettings = {
				ASSETCATALOG_COMPILER_APPICON_NAME = AppIcon;
				ASSETCATALOG_COMPILER_GLOBAL_ACCENT_COLOR_NAME = AccentColor;
				CODE_SIGN_STYLE = Automatic;
				CURRENT_PROJECT_VERSION = 1;
				DEVELOPMENT_ASSET_PATHS = "\"MobileChallengeUala/Preview Content\"";
				DEVELOPMENT_TEAM = 7MVAWZXNF7;
				ENABLE_PREVIEWS = YES;
				GENERATE_INFOPLIST_FILE = YES;
				INFOPLIST_KEY_UIApplicationSceneManifest_Generation = YES;
				INFOPLIST_KEY_UIApplicationSupportsIndirectInputEvents = YES;
				INFOPLIST_KEY_UILaunchScreen_Generation = YES;
				INFOPLIST_KEY_UISupportedInterfaceOrientations_iPad = "UIInterfaceOrientationPortrait UIInterfaceOrientationPortraitUpsideDown UIInterfaceOrientationLandscapeLeft UIInterfaceOrientationLandscapeRight";
				INFOPLIST_KEY_UISupportedInterfaceOrientations_iPhone = "UIInterfaceOrientationPortrait UIInterfaceOrientationLandscapeLeft UIInterfaceOrientationLandscapeRight";
				LD_RUNPATH_SEARCH_PATHS = (
					"$(inherited)",
					"@executable_path/Frameworks",
				);
				MARKETING_VERSION = 1.0;
				PRODUCT_BUNDLE_IDENTIFIER = "Ignacio-Mendez.MobileChallengeUala";
				PRODUCT_NAME = "$(TARGET_NAME)";
				SWIFT_EMIT_LOC_STRINGS = YES;
				SWIFT_VERSION = 5.0;
				TARGETED_DEVICE_FAMILY = "1,2";
			};
			name = Debug;
		};
		F0582BE62D54F2720062B031 /* Release */ = {
			isa = XCBuildConfiguration;
			buildSettings = {
				ASSETCATALOG_COMPILER_APPICON_NAME = AppIcon;
				ASSETCATALOG_COMPILER_GLOBAL_ACCENT_COLOR_NAME = AccentColor;
				CODE_SIGN_STYLE = Automatic;
				CURRENT_PROJECT_VERSION = 1;
				DEVELOPMENT_ASSET_PATHS = "\"MobileChallengeUala/Preview Content\"";
				DEVELOPMENT_TEAM = 7MVAWZXNF7;
				ENABLE_PREVIEWS = YES;
				GENERATE_INFOPLIST_FILE = YES;
				INFOPLIST_KEY_UIApplicationSceneManifest_Generation = YES;
				INFOPLIST_KEY_UIApplicationSupportsIndirectInputEvents = YES;
				INFOPLIST_KEY_UILaunchScreen_Generation = YES;
				INFOPLIST_KEY_UISupportedInterfaceOrientations_iPad = "UIInterfaceOrientationPortrait UIInterfaceOrientationPortraitUpsideDown UIInterfaceOrientationLandscapeLeft UIInterfaceOrientationLandscapeRight";
				INFOPLIST_KEY_UISupportedInterfaceOrientations_iPhone = "UIInterfaceOrientationPortrait UIInterfaceOrientationLandscapeLeft UIInterfaceOrientationLandscapeRight";
				LD_RUNPATH_SEARCH_PATHS = (
					"$(inherited)",
					"@executable_path/Frameworks",
				);
				MARKETING_VERSION = 1.0;
				PRODUCT_BUNDLE_IDENTIFIER = "Ignacio-Mendez.MobileChallengeUala";
				PRODUCT_NAME = "$(TARGET_NAME)";
				SWIFT_EMIT_LOC_STRINGS = YES;
				SWIFT_VERSION = 5.0;
				TARGETED_DEVICE_FAMILY = "1,2";
			};
			name = Release;
		};
		F0582BE82D54F2720062B031 /* Debug */ = {
			isa = XCBuildConfiguration;
			buildSettings = {
				BUNDLE_LOADER = "$(TEST_HOST)";
				CODE_SIGN_STYLE = Automatic;
				CURRENT_PROJECT_VERSION = 1;
				DEVELOPMENT_TEAM = 7MVAWZXNF7;
				GENERATE_INFOPLIST_FILE = YES;
				IPHONEOS_DEPLOYMENT_TARGET = 18.2;
				MARKETING_VERSION = 1.0;
				PRODUCT_BUNDLE_IDENTIFIER = "Ignacio-Mendez.MobileChallengeUalaTests";
				PRODUCT_NAME = "$(TARGET_NAME)";
				SWIFT_EMIT_LOC_STRINGS = NO;
				SWIFT_VERSION = 5.0;
				TARGETED_DEVICE_FAMILY = "1,2";
				TEST_HOST = "$(BUILT_PRODUCTS_DIR)/MobileChallengeUala.app/$(BUNDLE_EXECUTABLE_FOLDER_PATH)/MobileChallengeUala";
			};
			name = Debug;
		};
		F0582BE92D54F2720062B031 /* Release */ = {
			isa = XCBuildConfiguration;
			buildSettings = {
				BUNDLE_LOADER = "$(TEST_HOST)";
				CODE_SIGN_STYLE = Automatic;
				CURRENT_PROJECT_VERSION = 1;
				DEVELOPMENT_TEAM = 7MVAWZXNF7;
				GENERATE_INFOPLIST_FILE = YES;
				IPHONEOS_DEPLOYMENT_TARGET = 18.2;
				MARKETING_VERSION = 1.0;
				PRODUCT_BUNDLE_IDENTIFIER = "Ignacio-Mendez.MobileChallengeUalaTests";
				PRODUCT_NAME = "$(TARGET_NAME)";
				SWIFT_EMIT_LOC_STRINGS = NO;
				SWIFT_VERSION = 5.0;
				TARGETED_DEVICE_FAMILY = "1,2";
				TEST_HOST = "$(BUILT_PRODUCTS_DIR)/MobileChallengeUala.app/$(BUNDLE_EXECUTABLE_FOLDER_PATH)/MobileChallengeUala";
			};
			name = Release;
		};
		F0582BEB2D54F2720062B031 /* Debug */ = {
			isa = XCBuildConfiguration;
			buildSettings = {
				CODE_SIGN_STYLE = Automatic;
				CURRENT_PROJECT_VERSION = 1;
				DEVELOPMENT_TEAM = 7MVAWZXNF7;
				GENERATE_INFOPLIST_FILE = YES;
				MARKETING_VERSION = 1.0;
				PRODUCT_BUNDLE_IDENTIFIER = "Ignacio-Mendez.MobileChallengeUalaUITests";
				PRODUCT_NAME = "$(TARGET_NAME)";
				SWIFT_EMIT_LOC_STRINGS = NO;
				SWIFT_VERSION = 5.0;
				TARGETED_DEVICE_FAMILY = "1,2";
				TEST_TARGET_NAME = MobileChallengeUala;
			};
			name = Debug;
		};
		F0582BEC2D54F2720062B031 /* Release */ = {
			isa = XCBuildConfiguration;
			buildSettings = {
				CODE_SIGN_STYLE = Automatic;
				CURRENT_PROJECT_VERSION = 1;
				DEVELOPMENT_TEAM = 7MVAWZXNF7;
				GENERATE_INFOPLIST_FILE = YES;
				MARKETING_VERSION = 1.0;
				PRODUCT_BUNDLE_IDENTIFIER = "Ignacio-Mendez.MobileChallengeUalaUITests";
				PRODUCT_NAME = "$(TARGET_NAME)";
				SWIFT_EMIT_LOC_STRINGS = NO;
				SWIFT_VERSION = 5.0;
				TARGETED_DEVICE_FAMILY = "1,2";
				TEST_TARGET_NAME = MobileChallengeUala;
			};
			name = Release;
		};
/* End XCBuildConfiguration section */

/* Begin XCConfigurationList section */
		F0582BBB2D54F26E0062B031 /* Build configuration list for PBXProject "MobileChallengeUala" */ = {
			isa = XCConfigurationList;
			buildConfigurations = (
				F0582BE22D54F2720062B031 /* Debug */,
				F0582BE32D54F2720062B031 /* Release */,
			);
			defaultConfigurationIsVisible = 0;
			defaultConfigurationName = Release;
		};
		F0582BE42D54F2720062B031 /* Build configuration list for PBXNativeTarget "MobileChallengeUala" */ = {
			isa = XCConfigurationList;
			buildConfigurations = (
				F0582BE52D54F2720062B031 /* Debug */,
				F0582BE62D54F2720062B031 /* Release */,
			);
			defaultConfigurationIsVisible = 0;
			defaultConfigurationName = Release;
		};
		F0582BE72D54F2720062B031 /* Build configuration list for PBXNativeTarget "MobileChallengeUalaTests" */ = {
			isa = XCConfigurationList;
			buildConfigurations = (
				F0582BE82D54F2720062B031 /* Debug */,
				F0582BE92D54F2720062B031 /* Release */,
			);
			defaultConfigurationIsVisible = 0;
			defaultConfigurationName = Release;
		};
		F0582BEA2D54F2720062B031 /* Build configuration list for PBXNativeTarget "MobileChallengeUalaUITests" */ = {
			isa = XCConfigurationList;
			buildConfigurations = (
				F0582BEB2D54F2720062B031 /* Debug */,
				F0582BEC2D54F2720062B031 /* Release */,
			);
			defaultConfigurationIsVisible = 0;
			defaultConfigurationName = Release;
		};
/* End XCConfigurationList section */
	};
	rootObject = F0582BB82D54F26E0062B031 /* Project object */;
}
